
Microsoft Visual Studio Solution File, Format Version 12.00
# Visual Studio 14
VisualStudioVersion = 14.0.25123.0
MinimumVisualStudioVersion = 10.0.40219.1
Project("{FAE04EC0-301F-11D3-BF4B-00C04F79EFBC}") = "Demo.Shared.UI.Droid", "Demo.Shared.UI\Demo.Shared.UI.Droid\Demo.Shared.UI.Droid.csproj", "{0D49FED0-E08C-463F-8453-36B596A40107}"
EndProject
Project("{FAE04EC0-301F-11D3-BF4B-00C04F79EFBC}") = "Demo.Shared.UI.iOS", "Demo.Shared.UI\Demo.Shared.UI.iOS\Demo.Shared.UI.iOS.csproj", "{A0C9EA6D-E5D3-4331-BEDE-E38808128BFB}"
EndProject
Project("{FAE04EC0-301F-11D3-BF4B-00C04F79EFBC}") = "Demo.Shared.UI.WinPhone", "Demo.Shared.UI\Demo.Shared.UI.WinPhone\Demo.Shared.UI.WinPhone.csproj", "{DB16FBE2-B91E-409D-98A1-3744C7FE4039}"
EndProject
Project("{FAE04EC0-301F-11D3-BF4B-00C04F79EFBC}") = "Demo.Shared.UI.UWP", "Demo.Shared.UI\Demo.Shared.UI.UWP\Demo.Shared.UI.UWP.csproj", "{4E34EAFE-74AC-43DE-9BA3-B92BA8301DC5}"
EndProject
Project("{FAE04EC0-301F-11D3-BF4B-00C04F79EFBC}") = "Demo.Shared.UI.Windows", "Demo.Shared.UI\Demo.Shared.UI.Windows\Demo.Shared.UI.Windows.csproj", "{BCEF9879-1712-432F-A702-CEEAE63AFB32}"
EndProject
Project("{FAE04EC0-301F-11D3-BF4B-00C04F79EFBC}") = "Demo.Shared.UI", "Demo.Shared.UI\Demo.Shared.UI\Demo.Shared.UI.csproj", "{088A41AC-C169-4FF3-AF09-65264ED678CC}"
EndProject
Project("{FAE04EC0-301F-11D3-BF4B-00C04F79EFBC}") = "Demo.Shared.Test", "Demo.Shared.Test\Demo.Shared.Test.csproj", "{3DB80EBA-5DBD-4F05-8360-C7132735E0BA}"
EndProject
Global
	GlobalSection(SolutionConfigurationPlatforms) = preSolution
		Ad-Hoc|Any CPU = Ad-Hoc|Any CPU
		Ad-Hoc|ARM = Ad-Hoc|ARM
		Ad-Hoc|iPhone = Ad-Hoc|iPhone
		Ad-Hoc|iPhoneSimulator = Ad-Hoc|iPhoneSimulator
		Ad-Hoc|x64 = Ad-Hoc|x64
		Ad-Hoc|x86 = Ad-Hoc|x86
		AppStore|Any CPU = AppStore|Any CPU
		AppStore|ARM = AppStore|ARM
		AppStore|iPhone = AppStore|iPhone
		AppStore|iPhoneSimulator = AppStore|iPhoneSimulator
		AppStore|x64 = AppStore|x64
		AppStore|x86 = AppStore|x86
		Debug|Any CPU = Debug|Any CPU
		Debug|ARM = Debug|ARM
		Debug|iPhone = Debug|iPhone
		Debug|iPhoneSimulator = Debug|iPhoneSimulator
		Debug|x64 = Debug|x64
		Debug|x86 = Debug|x86
		Release|Any CPU = Release|Any CPU
		Release|ARM = Release|ARM
		Release|iPhone = Release|iPhone
		Release|iPhoneSimulator = Release|iPhoneSimulator
		Release|x64 = Release|x64
		Release|x86 = Release|x86
	EndGlobalSection
	GlobalSection(ProjectConfigurationPlatforms) = postSolution
		{0D49FED0-E08C-463F-8453-36B596A40107}.Ad-Hoc|Any CPU.ActiveCfg = Release|Any CPU
		{0D49FED0-E08C-463F-8453-36B596A40107}.Ad-Hoc|Any CPU.Build.0 = Release|Any CPU
		{0D49FED0-E08C-463F-8453-36B596A40107}.Ad-Hoc|Any CPU.Deploy.0 = Release|Any CPU
		{0D49FED0-E08C-463F-8453-36B596A40107}.Ad-Hoc|ARM.ActiveCfg = Release|Any CPU
		{0D49FED0-E08C-463F-8453-36B596A40107}.Ad-Hoc|ARM.Build.0 = Release|Any CPU
		{0D49FED0-E08C-463F-8453-36B596A40107}.Ad-Hoc|ARM.Deploy.0 = Release|Any CPU
		{0D49FED0-E08C-463F-8453-36B596A40107}.Ad-Hoc|iPhone.ActiveCfg = Release|Any CPU
		{0D49FED0-E08C-463F-8453-36B596A40107}.Ad-Hoc|iPhone.Build.0 = Release|Any CPU
		{0D49FED0-E08C-463F-8453-36B596A40107}.Ad-Hoc|iPhone.Deploy.0 = Release|Any CPU
		{0D49FED0-E08C-463F-8453-36B596A40107}.Ad-Hoc|iPhoneSimulator.ActiveCfg = Release|Any CPU
		{0D49FED0-E08C-463F-8453-36B596A40107}.Ad-Hoc|iPhoneSimulator.Build.0 = Release|Any CPU
		{0D49FED0-E08C-463F-8453-36B596A40107}.Ad-Hoc|iPhoneSimulator.Deploy.0 = Release|Any CPU
		{0D49FED0-E08C-463F-8453-36B596A40107}.Ad-Hoc|x64.ActiveCfg = Release|Any CPU
		{0D49FED0-E08C-463F-8453-36B596A40107}.Ad-Hoc|x64.Build.0 = Release|Any CPU
		{0D49FED0-E08C-463F-8453-36B596A40107}.Ad-Hoc|x64.Deploy.0 = Release|Any CPU
		{0D49FED0-E08C-463F-8453-36B596A40107}.Ad-Hoc|x86.ActiveCfg = Release|Any CPU
		{0D49FED0-E08C-463F-8453-36B596A40107}.Ad-Hoc|x86.Build.0 = Release|Any CPU
		{0D49FED0-E08C-463F-8453-36B596A40107}.Ad-Hoc|x86.Deploy.0 = Release|Any CPU
		{0D49FED0-E08C-463F-8453-36B596A40107}.AppStore|Any CPU.ActiveCfg = Release|Any CPU
		{0D49FED0-E08C-463F-8453-36B596A40107}.AppStore|Any CPU.Build.0 = Release|Any CPU
		{0D49FED0-E08C-463F-8453-36B596A40107}.AppStore|Any CPU.Deploy.0 = Release|Any CPU
		{0D49FED0-E08C-463F-8453-36B596A40107}.AppStore|ARM.ActiveCfg = Release|Any CPU
		{0D49FED0-E08C-463F-8453-36B596A40107}.AppStore|ARM.Build.0 = Release|Any CPU
		{0D49FED0-E08C-463F-8453-36B596A40107}.AppStore|ARM.Deploy.0 = Release|Any CPU
		{0D49FED0-E08C-463F-8453-36B596A40107}.AppStore|iPhone.ActiveCfg = Release|Any CPU
		{0D49FED0-E08C-463F-8453-36B596A40107}.AppStore|iPhone.Build.0 = Release|Any CPU
		{0D49FED0-E08C-463F-8453-36B596A40107}.AppStore|iPhone.Deploy.0 = Release|Any CPU
		{0D49FED0-E08C-463F-8453-36B596A40107}.AppStore|iPhoneSimulator.ActiveCfg = Release|Any CPU
		{0D49FED0-E08C-463F-8453-36B596A40107}.AppStore|iPhoneSimulator.Build.0 = Release|Any CPU
		{0D49FED0-E08C-463F-8453-36B596A40107}.AppStore|iPhoneSimulator.Deploy.0 = Release|Any CPU
		{0D49FED0-E08C-463F-8453-36B596A40107}.AppStore|x64.ActiveCfg = Release|Any CPU
		{0D49FED0-E08C-463F-8453-36B596A40107}.AppStore|x64.Build.0 = Release|Any CPU
		{0D49FED0-E08C-463F-8453-36B596A40107}.AppStore|x64.Deploy.0 = Release|Any CPU
		{0D49FED0-E08C-463F-8453-36B596A40107}.AppStore|x86.ActiveCfg = Release|Any CPU
		{0D49FED0-E08C-463F-8453-36B596A40107}.AppStore|x86.Build.0 = Release|Any CPU
		{0D49FED0-E08C-463F-8453-36B596A40107}.AppStore|x86.Deploy.0 = Release|Any CPU
		{0D49FED0-E08C-463F-8453-36B596A40107}.Debug|Any CPU.ActiveCfg = Debug|Any CPU
		{0D49FED0-E08C-463F-8453-36B596A40107}.Debug|Any CPU.Build.0 = Debug|Any CPU
		{0D49FED0-E08C-463F-8453-36B596A40107}.Debug|Any CPU.Deploy.0 = Debug|Any CPU
		{0D49FED0-E08C-463F-8453-36B596A40107}.Debug|ARM.ActiveCfg = Debug|Any CPU
		{0D49FED0-E08C-463F-8453-36B596A40107}.Debug|ARM.Build.0 = Debug|Any CPU
		{0D49FED0-E08C-463F-8453-36B596A40107}.Debug|ARM.Deploy.0 = Debug|Any CPU
		{0D49FED0-E08C-463F-8453-36B596A40107}.Debug|iPhone.ActiveCfg = Debug|Any CPU
		{0D49FED0-E08C-463F-8453-36B596A40107}.Debug|iPhone.Build.0 = Debug|Any CPU
		{0D49FED0-E08C-463F-8453-36B596A40107}.Debug|iPhone.Deploy.0 = Debug|Any CPU
		{0D49FED0-E08C-463F-8453-36B596A40107}.Debug|iPhoneSimulator.ActiveCfg = Debug|Any CPU
		{0D49FED0-E08C-463F-8453-36B596A40107}.Debug|iPhoneSimulator.Build.0 = Debug|Any CPU
		{0D49FED0-E08C-463F-8453-36B596A40107}.Debug|iPhoneSimulator.Deploy.0 = Debug|Any CPU
		{0D49FED0-E08C-463F-8453-36B596A40107}.Debug|x64.ActiveCfg = Debug|Any CPU
		{0D49FED0-E08C-463F-8453-36B596A40107}.Debug|x64.Build.0 = Debug|Any CPU
		{0D49FED0-E08C-463F-8453-36B596A40107}.Debug|x64.Deploy.0 = Debug|Any CPU
		{0D49FED0-E08C-463F-8453-36B596A40107}.Debug|x86.ActiveCfg = Debug|Any CPU
		{0D49FED0-E08C-463F-8453-36B596A40107}.Debug|x86.Build.0 = Debug|Any CPU
		{0D49FED0-E08C-463F-8453-36B596A40107}.Debug|x86.Deploy.0 = Debug|Any CPU
		{0D49FED0-E08C-463F-8453-36B596A40107}.Release|Any CPU.ActiveCfg = Release|Any CPU
		{0D49FED0-E08C-463F-8453-36B596A40107}.Release|Any CPU.Build.0 = Release|Any CPU
		{0D49FED0-E08C-463F-8453-36B596A40107}.Release|Any CPU.Deploy.0 = Release|Any CPU
		{0D49FED0-E08C-463F-8453-36B596A40107}.Release|ARM.ActiveCfg = Release|Any CPU
		{0D49FED0-E08C-463F-8453-36B596A40107}.Release|ARM.Build.0 = Release|Any CPU
		{0D49FED0-E08C-463F-8453-36B596A40107}.Release|ARM.Deploy.0 = Release|Any CPU
		{0D49FED0-E08C-463F-8453-36B596A40107}.Release|iPhone.ActiveCfg = Release|Any CPU
		{0D49FED0-E08C-463F-8453-36B596A40107}.Release|iPhone.Build.0 = Release|Any CPU
		{0D49FED0-E08C-463F-8453-36B596A40107}.Release|iPhone.Deploy.0 = Release|Any CPU
		{0D49FED0-E08C-463F-8453-36B596A40107}.Release|iPhoneSimulator.ActiveCfg = Release|Any CPU
		{0D49FED0-E08C-463F-8453-36B596A40107}.Release|iPhoneSimulator.Build.0 = Release|Any CPU
		{0D49FED0-E08C-463F-8453-36B596A40107}.Release|iPhoneSimulator.Deploy.0 = Release|Any CPU
		{0D49FED0-E08C-463F-8453-36B596A40107}.Release|x64.ActiveCfg = Release|Any CPU
		{0D49FED0-E08C-463F-8453-36B596A40107}.Release|x64.Build.0 = Release|Any CPU
		{0D49FED0-E08C-463F-8453-36B596A40107}.Release|x64.Deploy.0 = Release|Any CPU
		{0D49FED0-E08C-463F-8453-36B596A40107}.Release|x86.ActiveCfg = Release|Any CPU
		{0D49FED0-E08C-463F-8453-36B596A40107}.Release|x86.Build.0 = Release|Any CPU
		{0D49FED0-E08C-463F-8453-36B596A40107}.Release|x86.Deploy.0 = Release|Any CPU
		{A0C9EA6D-E5D3-4331-BEDE-E38808128BFB}.Ad-Hoc|Any CPU.ActiveCfg = Ad-Hoc|iPhone
		{A0C9EA6D-E5D3-4331-BEDE-E38808128BFB}.Ad-Hoc|ARM.ActiveCfg = Ad-Hoc|iPhone
		{A0C9EA6D-E5D3-4331-BEDE-E38808128BFB}.Ad-Hoc|iPhone.ActiveCfg = Ad-Hoc|iPhone
		{A0C9EA6D-E5D3-4331-BEDE-E38808128BFB}.Ad-Hoc|iPhone.Build.0 = Ad-Hoc|iPhone
		{A0C9EA6D-E5D3-4331-BEDE-E38808128BFB}.Ad-Hoc|iPhoneSimulator.ActiveCfg = Ad-Hoc|iPhoneSimulator
		{A0C9EA6D-E5D3-4331-BEDE-E38808128BFB}.Ad-Hoc|iPhoneSimulator.Build.0 = Ad-Hoc|iPhoneSimulator
		{A0C9EA6D-E5D3-4331-BEDE-E38808128BFB}.Ad-Hoc|x64.ActiveCfg = Ad-Hoc|iPhone
		{A0C9EA6D-E5D3-4331-BEDE-E38808128BFB}.Ad-Hoc|x86.ActiveCfg = Ad-Hoc|iPhone
		{A0C9EA6D-E5D3-4331-BEDE-E38808128BFB}.AppStore|Any CPU.ActiveCfg = AppStore|iPhone
		{A0C9EA6D-E5D3-4331-BEDE-E38808128BFB}.AppStore|ARM.ActiveCfg = AppStore|iPhone
		{A0C9EA6D-E5D3-4331-BEDE-E38808128BFB}.AppStore|iPhone.ActiveCfg = AppStore|iPhone
		{A0C9EA6D-E5D3-4331-BEDE-E38808128BFB}.AppStore|iPhone.Build.0 = AppStore|iPhone
		{A0C9EA6D-E5D3-4331-BEDE-E38808128BFB}.AppStore|iPhoneSimulator.ActiveCfg = AppStore|iPhoneSimulator
		{A0C9EA6D-E5D3-4331-BEDE-E38808128BFB}.AppStore|iPhoneSimulator.Build.0 = AppStore|iPhoneSimulator
		{A0C9EA6D-E5D3-4331-BEDE-E38808128BFB}.AppStore|x64.ActiveCfg = AppStore|iPhone
		{A0C9EA6D-E5D3-4331-BEDE-E38808128BFB}.AppStore|x86.ActiveCfg = AppStore|iPhone
		{A0C9EA6D-E5D3-4331-BEDE-E38808128BFB}.Debug|Any CPU.ActiveCfg = Debug|iPhone
		{A0C9EA6D-E5D3-4331-BEDE-E38808128BFB}.Debug|ARM.ActiveCfg = Debug|iPhone
		{A0C9EA6D-E5D3-4331-BEDE-E38808128BFB}.Debug|iPhone.ActiveCfg = Debug|iPhone
		{A0C9EA6D-E5D3-4331-BEDE-E38808128BFB}.Debug|iPhone.Build.0 = Debug|iPhone
		{A0C9EA6D-E5D3-4331-BEDE-E38808128BFB}.Debug|iPhoneSimulator.ActiveCfg = Debug|iPhoneSimulator
		{A0C9EA6D-E5D3-4331-BEDE-E38808128BFB}.Debug|iPhoneSimulator.Build.0 = Debug|iPhoneSimulator
		{A0C9EA6D-E5D3-4331-BEDE-E38808128BFB}.Debug|x64.ActiveCfg = Debug|iPhone
		{A0C9EA6D-E5D3-4331-BEDE-E38808128BFB}.Debug|x86.ActiveCfg = Debug|iPhone
		{A0C9EA6D-E5D3-4331-BEDE-E38808128BFB}.Release|Any CPU.ActiveCfg = Release|iPhone
		{A0C9EA6D-E5D3-4331-BEDE-E38808128BFB}.Release|ARM.ActiveCfg = Release|iPhone
		{A0C9EA6D-E5D3-4331-BEDE-E38808128BFB}.Release|iPhone.ActiveCfg = Release|iPhone
		{A0C9EA6D-E5D3-4331-BEDE-E38808128BFB}.Release|iPhone.Build.0 = Release|iPhone
		{A0C9EA6D-E5D3-4331-BEDE-E38808128BFB}.Release|iPhoneSimulator.ActiveCfg = Release|iPhoneSimulator
		{A0C9EA6D-E5D3-4331-BEDE-E38808128BFB}.Release|iPhoneSimulator.Build.0 = Release|iPhoneSimulator
		{A0C9EA6D-E5D3-4331-BEDE-E38808128BFB}.Release|x64.ActiveCfg = Release|iPhone
		{A0C9EA6D-E5D3-4331-BEDE-E38808128BFB}.Release|x86.ActiveCfg = Release|iPhone
		{DB16FBE2-B91E-409D-98A1-3744C7FE4039}.Ad-Hoc|Any CPU.ActiveCfg = Release|Any CPU
		{DB16FBE2-B91E-409D-98A1-3744C7FE4039}.Ad-Hoc|Any CPU.Build.0 = Release|Any CPU
		{DB16FBE2-B91E-409D-98A1-3744C7FE4039}.Ad-Hoc|Any CPU.Deploy.0 = Release|Any CPU
		{DB16FBE2-B91E-409D-98A1-3744C7FE4039}.Ad-Hoc|ARM.ActiveCfg = Release|ARM
		{DB16FBE2-B91E-409D-98A1-3744C7FE4039}.Ad-Hoc|ARM.Build.0 = Release|ARM
		{DB16FBE2-B91E-409D-98A1-3744C7FE4039}.Ad-Hoc|ARM.Deploy.0 = Release|ARM
		{DB16FBE2-B91E-409D-98A1-3744C7FE4039}.Ad-Hoc|iPhone.ActiveCfg = Release|Any CPU
		{DB16FBE2-B91E-409D-98A1-3744C7FE4039}.Ad-Hoc|iPhone.Build.0 = Release|Any CPU
		{DB16FBE2-B91E-409D-98A1-3744C7FE4039}.Ad-Hoc|iPhone.Deploy.0 = Release|Any CPU
		{DB16FBE2-B91E-409D-98A1-3744C7FE4039}.Ad-Hoc|iPhoneSimulator.ActiveCfg = Release|Any CPU
		{DB16FBE2-B91E-409D-98A1-3744C7FE4039}.Ad-Hoc|iPhoneSimulator.Build.0 = Release|Any CPU
		{DB16FBE2-B91E-409D-98A1-3744C7FE4039}.Ad-Hoc|iPhoneSimulator.Deploy.0 = Release|Any CPU
		{DB16FBE2-B91E-409D-98A1-3744C7FE4039}.Ad-Hoc|x64.ActiveCfg = Release|Any CPU
		{DB16FBE2-B91E-409D-98A1-3744C7FE4039}.Ad-Hoc|x64.Build.0 = Release|Any CPU
		{DB16FBE2-B91E-409D-98A1-3744C7FE4039}.Ad-Hoc|x64.Deploy.0 = Release|Any CPU
		{DB16FBE2-B91E-409D-98A1-3744C7FE4039}.Ad-Hoc|x86.ActiveCfg = Release|x86
		{DB16FBE2-B91E-409D-98A1-3744C7FE4039}.Ad-Hoc|x86.Build.0 = Release|x86
		{DB16FBE2-B91E-409D-98A1-3744C7FE4039}.Ad-Hoc|x86.Deploy.0 = Release|x86
		{DB16FBE2-B91E-409D-98A1-3744C7FE4039}.AppStore|Any CPU.ActiveCfg = Release|Any CPU
		{DB16FBE2-B91E-409D-98A1-3744C7FE4039}.AppStore|Any CPU.Build.0 = Release|Any CPU
		{DB16FBE2-B91E-409D-98A1-3744C7FE4039}.AppStore|Any CPU.Deploy.0 = Release|Any CPU
		{DB16FBE2-B91E-409D-98A1-3744C7FE4039}.AppStore|ARM.ActiveCfg = Release|ARM
		{DB16FBE2-B91E-409D-98A1-3744C7FE4039}.AppStore|ARM.Build.0 = Release|ARM
		{DB16FBE2-B91E-409D-98A1-3744C7FE4039}.AppStore|ARM.Deploy.0 = Release|ARM
		{DB16FBE2-B91E-409D-98A1-3744C7FE4039}.AppStore|iPhone.ActiveCfg = Release|Any CPU
		{DB16FBE2-B91E-409D-98A1-3744C7FE4039}.AppStore|iPhone.Build.0 = Release|Any CPU
		{DB16FBE2-B91E-409D-98A1-3744C7FE4039}.AppStore|iPhone.Deploy.0 = Release|Any CPU
		{DB16FBE2-B91E-409D-98A1-3744C7FE4039}.AppStore|iPhoneSimulator.ActiveCfg = Release|Any CPU
		{DB16FBE2-B91E-409D-98A1-3744C7FE4039}.AppStore|iPhoneSimulator.Build.0 = Release|Any CPU
		{DB16FBE2-B91E-409D-98A1-3744C7FE4039}.AppStore|iPhoneSimulator.Deploy.0 = Release|Any CPU
		{DB16FBE2-B91E-409D-98A1-3744C7FE4039}.AppStore|x64.ActiveCfg = Release|Any CPU
		{DB16FBE2-B91E-409D-98A1-3744C7FE4039}.AppStore|x64.Build.0 = Release|Any CPU
		{DB16FBE2-B91E-409D-98A1-3744C7FE4039}.AppStore|x64.Deploy.0 = Release|Any CPU
		{DB16FBE2-B91E-409D-98A1-3744C7FE4039}.AppStore|x86.ActiveCfg = Release|x86
		{DB16FBE2-B91E-409D-98A1-3744C7FE4039}.AppStore|x86.Build.0 = Release|x86
		{DB16FBE2-B91E-409D-98A1-3744C7FE4039}.AppStore|x86.Deploy.0 = Release|x86
		{DB16FBE2-B91E-409D-98A1-3744C7FE4039}.Debug|Any CPU.ActiveCfg = Debug|Any CPU
		{DB16FBE2-B91E-409D-98A1-3744C7FE4039}.Debug|Any CPU.Build.0 = Debug|Any CPU
		{DB16FBE2-B91E-409D-98A1-3744C7FE4039}.Debug|Any CPU.Deploy.0 = Debug|Any CPU
		{DB16FBE2-B91E-409D-98A1-3744C7FE4039}.Debug|ARM.ActiveCfg = Debug|ARM
		{DB16FBE2-B91E-409D-98A1-3744C7FE4039}.Debug|ARM.Build.0 = Debug|ARM
		{DB16FBE2-B91E-409D-98A1-3744C7FE4039}.Debug|ARM.Deploy.0 = Debug|ARM
		{DB16FBE2-B91E-409D-98A1-3744C7FE4039}.Debug|iPhone.ActiveCfg = Debug|Any CPU
		{DB16FBE2-B91E-409D-98A1-3744C7FE4039}.Debug|iPhone.Build.0 = Debug|Any CPU
		{DB16FBE2-B91E-409D-98A1-3744C7FE4039}.Debug|iPhone.Deploy.0 = Debug|Any CPU
		{DB16FBE2-B91E-409D-98A1-3744C7FE4039}.Debug|iPhoneSimulator.ActiveCfg = Debug|Any CPU
		{DB16FBE2-B91E-409D-98A1-3744C7FE4039}.Debug|iPhoneSimulator.Build.0 = Debug|Any CPU
		{DB16FBE2-B91E-409D-98A1-3744C7FE4039}.Debug|iPhoneSimulator.Deploy.0 = Debug|Any CPU
		{DB16FBE2-B91E-409D-98A1-3744C7FE4039}.Debug|x64.ActiveCfg = Debug|Any CPU
		{DB16FBE2-B91E-409D-98A1-3744C7FE4039}.Debug|x64.Build.0 = Debug|Any CPU
		{DB16FBE2-B91E-409D-98A1-3744C7FE4039}.Debug|x64.Deploy.0 = Debug|Any CPU
		{DB16FBE2-B91E-409D-98A1-3744C7FE4039}.Debug|x86.ActiveCfg = Debug|x86
		{DB16FBE2-B91E-409D-98A1-3744C7FE4039}.Debug|x86.Build.0 = Debug|x86
		{DB16FBE2-B91E-409D-98A1-3744C7FE4039}.Debug|x86.Deploy.0 = Debug|x86
		{DB16FBE2-B91E-409D-98A1-3744C7FE4039}.Release|Any CPU.ActiveCfg = Release|Any CPU
		{DB16FBE2-B91E-409D-98A1-3744C7FE4039}.Release|Any CPU.Build.0 = Release|Any CPU
		{DB16FBE2-B91E-409D-98A1-3744C7FE4039}.Release|Any CPU.Deploy.0 = Release|Any CPU
		{DB16FBE2-B91E-409D-98A1-3744C7FE4039}.Release|ARM.ActiveCfg = Release|ARM
		{DB16FBE2-B91E-409D-98A1-3744C7FE4039}.Release|ARM.Build.0 = Release|ARM
		{DB16FBE2-B91E-409D-98A1-3744C7FE4039}.Release|ARM.Deploy.0 = Release|ARM
		{DB16FBE2-B91E-409D-98A1-3744C7FE4039}.Release|iPhone.ActiveCfg = Release|Any CPU
		{DB16FBE2-B91E-409D-98A1-3744C7FE4039}.Release|iPhone.Build.0 = Release|Any CPU
		{DB16FBE2-B91E-409D-98A1-3744C7FE4039}.Release|iPhone.Deploy.0 = Release|Any CPU
		{DB16FBE2-B91E-409D-98A1-3744C7FE4039}.Release|iPhoneSimulator.ActiveCfg = Release|Any CPU
		{DB16FBE2-B91E-409D-98A1-3744C7FE4039}.Release|iPhoneSimulator.Build.0 = Release|Any CPU
		{DB16FBE2-B91E-409D-98A1-3744C7FE4039}.Release|iPhoneSimulator.Deploy.0 = Release|Any CPU
		{DB16FBE2-B91E-409D-98A1-3744C7FE4039}.Release|x64.ActiveCfg = Release|Any CPU
		{DB16FBE2-B91E-409D-98A1-3744C7FE4039}.Release|x64.Build.0 = Release|Any CPU
		{DB16FBE2-B91E-409D-98A1-3744C7FE4039}.Release|x64.Deploy.0 = Release|Any CPU
		{DB16FBE2-B91E-409D-98A1-3744C7FE4039}.Release|x86.ActiveCfg = Release|x86
		{DB16FBE2-B91E-409D-98A1-3744C7FE4039}.Release|x86.Build.0 = Release|x86
		{DB16FBE2-B91E-409D-98A1-3744C7FE4039}.Release|x86.Deploy.0 = Release|x86
		{4E34EAFE-74AC-43DE-9BA3-B92BA8301DC5}.Ad-Hoc|Any CPU.ActiveCfg = Release|x86
		{4E34EAFE-74AC-43DE-9BA3-B92BA8301DC5}.Ad-Hoc|Any CPU.Build.0 = Release|x86
		{4E34EAFE-74AC-43DE-9BA3-B92BA8301DC5}.Ad-Hoc|Any CPU.Deploy.0 = Release|x86
		{4E34EAFE-74AC-43DE-9BA3-B92BA8301DC5}.Ad-Hoc|ARM.ActiveCfg = Release|ARM
		{4E34EAFE-74AC-43DE-9BA3-B92BA8301DC5}.Ad-Hoc|ARM.Build.0 = Release|ARM
		{4E34EAFE-74AC-43DE-9BA3-B92BA8301DC5}.Ad-Hoc|ARM.Deploy.0 = Release|ARM
		{4E34EAFE-74AC-43DE-9BA3-B92BA8301DC5}.Ad-Hoc|iPhone.ActiveCfg = Release|x86
		{4E34EAFE-74AC-43DE-9BA3-B92BA8301DC5}.Ad-Hoc|iPhone.Build.0 = Release|x86
		{4E34EAFE-74AC-43DE-9BA3-B92BA8301DC5}.Ad-Hoc|iPhone.Deploy.0 = Release|x86
		{4E34EAFE-74AC-43DE-9BA3-B92BA8301DC5}.Ad-Hoc|iPhoneSimulator.ActiveCfg = Release|x86
		{4E34EAFE-74AC-43DE-9BA3-B92BA8301DC5}.Ad-Hoc|iPhoneSimulator.Build.0 = Release|x86
		{4E34EAFE-74AC-43DE-9BA3-B92BA8301DC5}.Ad-Hoc|iPhoneSimulator.Deploy.0 = Release|x86
		{4E34EAFE-74AC-43DE-9BA3-B92BA8301DC5}.Ad-Hoc|x64.ActiveCfg = Release|x64
		{4E34EAFE-74AC-43DE-9BA3-B92BA8301DC5}.Ad-Hoc|x64.Build.0 = Release|x64
		{4E34EAFE-74AC-43DE-9BA3-B92BA8301DC5}.Ad-Hoc|x64.Deploy.0 = Release|x64
		{4E34EAFE-74AC-43DE-9BA3-B92BA8301DC5}.Ad-Hoc|x86.ActiveCfg = Release|x86
		{4E34EAFE-74AC-43DE-9BA3-B92BA8301DC5}.Ad-Hoc|x86.Build.0 = Release|x86
		{4E34EAFE-74AC-43DE-9BA3-B92BA8301DC5}.Ad-Hoc|x86.Deploy.0 = Release|x86
		{4E34EAFE-74AC-43DE-9BA3-B92BA8301DC5}.AppStore|Any CPU.ActiveCfg = Release|x86
		{4E34EAFE-74AC-43DE-9BA3-B92BA8301DC5}.AppStore|Any CPU.Build.0 = Release|x86
		{4E34EAFE-74AC-43DE-9BA3-B92BA8301DC5}.AppStore|Any CPU.Deploy.0 = Release|x86
		{4E34EAFE-74AC-43DE-9BA3-B92BA8301DC5}.AppStore|ARM.ActiveCfg = Release|ARM
		{4E34EAFE-74AC-43DE-9BA3-B92BA8301DC5}.AppStore|ARM.Build.0 = Release|ARM
		{4E34EAFE-74AC-43DE-9BA3-B92BA8301DC5}.AppStore|ARM.Deploy.0 = Release|ARM
		{4E34EAFE-74AC-43DE-9BA3-B92BA8301DC5}.AppStore|iPhone.ActiveCfg = Release|x86
		{4E34EAFE-74AC-43DE-9BA3-B92BA8301DC5}.AppStore|iPhone.Build.0 = Release|x86
		{4E34EAFE-74AC-43DE-9BA3-B92BA8301DC5}.AppStore|iPhone.Deploy.0 = Release|x86
		{4E34EAFE-74AC-43DE-9BA3-B92BA8301DC5}.AppStore|iPhoneSimulator.ActiveCfg = Release|x86
		{4E34EAFE-74AC-43DE-9BA3-B92BA8301DC5}.AppStore|iPhoneSimulator.Build.0 = Release|x86
		{4E34EAFE-74AC-43DE-9BA3-B92BA8301DC5}.AppStore|iPhoneSimulator.Deploy.0 = Release|x86
		{4E34EAFE-74AC-43DE-9BA3-B92BA8301DC5}.AppStore|x64.ActiveCfg = Release|x64
		{4E34EAFE-74AC-43DE-9BA3-B92BA8301DC5}.AppStore|x64.Build.0 = Release|x64
		{4E34EAFE-74AC-43DE-9BA3-B92BA8301DC5}.AppStore|x64.Deploy.0 = Release|x64
		{4E34EAFE-74AC-43DE-9BA3-B92BA8301DC5}.AppStore|x86.ActiveCfg = Release|x86
		{4E34EAFE-74AC-43DE-9BA3-B92BA8301DC5}.AppStore|x86.Build.0 = Release|x86
		{4E34EAFE-74AC-43DE-9BA3-B92BA8301DC5}.AppStore|x86.Deploy.0 = Release|x86
		{4E34EAFE-74AC-43DE-9BA3-B92BA8301DC5}.Debug|Any CPU.ActiveCfg = Debug|x86
		{4E34EAFE-74AC-43DE-9BA3-B92BA8301DC5}.Debug|ARM.ActiveCfg = Debug|ARM
		{4E34EAFE-74AC-43DE-9BA3-B92BA8301DC5}.Debug|ARM.Build.0 = Debug|ARM
		{4E34EAFE-74AC-43DE-9BA3-B92BA8301DC5}.Debug|ARM.Deploy.0 = Debug|ARM
		{4E34EAFE-74AC-43DE-9BA3-B92BA8301DC5}.Debug|iPhone.ActiveCfg = Debug|x86
		{4E34EAFE-74AC-43DE-9BA3-B92BA8301DC5}.Debug|iPhoneSimulator.ActiveCfg = Debug|x86
		{4E34EAFE-74AC-43DE-9BA3-B92BA8301DC5}.Debug|x64.ActiveCfg = Debug|x64
		{4E34EAFE-74AC-43DE-9BA3-B92BA8301DC5}.Debug|x64.Build.0 = Debug|x64
		{4E34EAFE-74AC-43DE-9BA3-B92BA8301DC5}.Debug|x64.Deploy.0 = Debug|x64
		{4E34EAFE-74AC-43DE-9BA3-B92BA8301DC5}.Debug|x86.ActiveCfg = Debug|x86
		{4E34EAFE-74AC-43DE-9BA3-B92BA8301DC5}.Debug|x86.Build.0 = Debug|x86
		{4E34EAFE-74AC-43DE-9BA3-B92BA8301DC5}.Debug|x86.Deploy.0 = Debug|x86
		{4E34EAFE-74AC-43DE-9BA3-B92BA8301DC5}.Release|Any CPU.ActiveCfg = Release|x86
		{4E34EAFE-74AC-43DE-9BA3-B92BA8301DC5}.Release|ARM.ActiveCfg = Release|ARM
		{4E34EAFE-74AC-43DE-9BA3-B92BA8301DC5}.Release|ARM.Build.0 = Release|ARM
		{4E34EAFE-74AC-43DE-9BA3-B92BA8301DC5}.Release|ARM.Deploy.0 = Release|ARM
		{4E34EAFE-74AC-43DE-9BA3-B92BA8301DC5}.Release|iPhone.ActiveCfg = Release|x86
		{4E34EAFE-74AC-43DE-9BA3-B92BA8301DC5}.Release|iPhoneSimulator.ActiveCfg = Release|x86
		{4E34EAFE-74AC-43DE-9BA3-B92BA8301DC5}.Release|x64.ActiveCfg = Release|x64
		{4E34EAFE-74AC-43DE-9BA3-B92BA8301DC5}.Release|x64.Build.0 = Release|x64
		{4E34EAFE-74AC-43DE-9BA3-B92BA8301DC5}.Release|x64.Deploy.0 = Release|x64
		{4E34EAFE-74AC-43DE-9BA3-B92BA8301DC5}.Release|x86.ActiveCfg = Release|x86
		{4E34EAFE-74AC-43DE-9BA3-B92BA8301DC5}.Release|x86.Build.0 = Release|x86
		{4E34EAFE-74AC-43DE-9BA3-B92BA8301DC5}.Release|x86.Deploy.0 = Release|x86
		{BCEF9879-1712-432F-A702-CEEAE63AFB32}.Ad-Hoc|Any CPU.ActiveCfg = Release|Any CPU
		{BCEF9879-1712-432F-A702-CEEAE63AFB32}.Ad-Hoc|Any CPU.Build.0 = Release|Any CPU
		{BCEF9879-1712-432F-A702-CEEAE63AFB32}.Ad-Hoc|Any CPU.Deploy.0 = Release|Any CPU
		{BCEF9879-1712-432F-A702-CEEAE63AFB32}.Ad-Hoc|ARM.ActiveCfg = Release|ARM
		{BCEF9879-1712-432F-A702-CEEAE63AFB32}.Ad-Hoc|ARM.Build.0 = Release|ARM
		{BCEF9879-1712-432F-A702-CEEAE63AFB32}.Ad-Hoc|ARM.Deploy.0 = Release|ARM
		{BCEF9879-1712-432F-A702-CEEAE63AFB32}.Ad-Hoc|iPhone.ActiveCfg = Release|Any CPU
		{BCEF9879-1712-432F-A702-CEEAE63AFB32}.Ad-Hoc|iPhone.Build.0 = Release|Any CPU
		{BCEF9879-1712-432F-A702-CEEAE63AFB32}.Ad-Hoc|iPhone.Deploy.0 = Release|Any CPU
		{BCEF9879-1712-432F-A702-CEEAE63AFB32}.Ad-Hoc|iPhoneSimulator.ActiveCfg = Release|Any CPU
		{BCEF9879-1712-432F-A702-CEEAE63AFB32}.Ad-Hoc|iPhoneSimulator.Build.0 = Release|Any CPU
		{BCEF9879-1712-432F-A702-CEEAE63AFB32}.Ad-Hoc|iPhoneSimulator.Deploy.0 = Release|Any CPU
		{BCEF9879-1712-432F-A702-CEEAE63AFB32}.Ad-Hoc|x64.ActiveCfg = Release|x64
		{BCEF9879-1712-432F-A702-CEEAE63AFB32}.Ad-Hoc|x64.Build.0 = Release|x64
		{BCEF9879-1712-432F-A702-CEEAE63AFB32}.Ad-Hoc|x64.Deploy.0 = Release|x64
		{BCEF9879-1712-432F-A702-CEEAE63AFB32}.Ad-Hoc|x86.ActiveCfg = Release|x86
		{BCEF9879-1712-432F-A702-CEEAE63AFB32}.Ad-Hoc|x86.Build.0 = Release|x86
		{BCEF9879-1712-432F-A702-CEEAE63AFB32}.Ad-Hoc|x86.Deploy.0 = Release|x86
		{BCEF9879-1712-432F-A702-CEEAE63AFB32}.AppStore|Any CPU.ActiveCfg = Release|Any CPU
		{BCEF9879-1712-432F-A702-CEEAE63AFB32}.AppStore|Any CPU.Build.0 = Release|Any CPU
		{BCEF9879-1712-432F-A702-CEEAE63AFB32}.AppStore|Any CPU.Deploy.0 = Release|Any CPU
		{BCEF9879-1712-432F-A702-CEEAE63AFB32}.AppStore|ARM.ActiveCfg = Release|ARM
		{BCEF9879-1712-432F-A702-CEEAE63AFB32}.AppStore|ARM.Build.0 = Release|ARM
		{BCEF9879-1712-432F-A702-CEEAE63AFB32}.AppStore|ARM.Deploy.0 = Release|ARM
		{BCEF9879-1712-432F-A702-CEEAE63AFB32}.AppStore|iPhone.ActiveCfg = Release|Any CPU
		{BCEF9879-1712-432F-A702-CEEAE63AFB32}.AppStore|iPhone.Build.0 = Release|Any CPU
		{BCEF9879-1712-432F-A702-CEEAE63AFB32}.AppStore|iPhone.Deploy.0 = Release|Any CPU
		{BCEF9879-1712-432F-A702-CEEAE63AFB32}.AppStore|iPhoneSimulator.ActiveCfg = Release|Any CPU
		{BCEF9879-1712-432F-A702-CEEAE63AFB32}.AppStore|iPhoneSimulator.Build.0 = Release|Any CPU
		{BCEF9879-1712-432F-A702-CEEAE63AFB32}.AppStore|iPhoneSimulator.Deploy.0 = Release|Any CPU
		{BCEF9879-1712-432F-A702-CEEAE63AFB32}.AppStore|x64.ActiveCfg = Release|x64
		{BCEF9879-1712-432F-A702-CEEAE63AFB32}.AppStore|x64.Build.0 = Release|x64
		{BCEF9879-1712-432F-A702-CEEAE63AFB32}.AppStore|x64.Deploy.0 = Release|x64
		{BCEF9879-1712-432F-A702-CEEAE63AFB32}.AppStore|x86.ActiveCfg = Release|x86
		{BCEF9879-1712-432F-A702-CEEAE63AFB32}.AppStore|x86.Build.0 = Release|x86
		{BCEF9879-1712-432F-A702-CEEAE63AFB32}.AppStore|x86.Deploy.0 = Release|x86
		{BCEF9879-1712-432F-A702-CEEAE63AFB32}.Debug|Any CPU.ActiveCfg = Debug|Any CPU
		{BCEF9879-1712-432F-A702-CEEAE63AFB32}.Debug|Any CPU.Build.0 = Debug|Any CPU
		{BCEF9879-1712-432F-A702-CEEAE63AFB32}.Debug|Any CPU.Deploy.0 = Debug|Any CPU
		{BCEF9879-1712-432F-A702-CEEAE63AFB32}.Debug|ARM.ActiveCfg = Debug|ARM
		{BCEF9879-1712-432F-A702-CEEAE63AFB32}.Debug|ARM.Build.0 = Debug|ARM
		{BCEF9879-1712-432F-A702-CEEAE63AFB32}.Debug|ARM.Deploy.0 = Debug|ARM
		{BCEF9879-1712-432F-A702-CEEAE63AFB32}.Debug|iPhone.ActiveCfg = Debug|Any CPU
		{BCEF9879-1712-432F-A702-CEEAE63AFB32}.Debug|iPhone.Build.0 = Debug|Any CPU
		{BCEF9879-1712-432F-A702-CEEAE63AFB32}.Debug|iPhone.Deploy.0 = Debug|Any CPU
		{BCEF9879-1712-432F-A702-CEEAE63AFB32}.Debug|iPhoneSimulator.ActiveCfg = Debug|Any CPU
		{BCEF9879-1712-432F-A702-CEEAE63AFB32}.Debug|iPhoneSimulator.Build.0 = Debug|Any CPU
		{BCEF9879-1712-432F-A702-CEEAE63AFB32}.Debug|iPhoneSimulator.Deploy.0 = Debug|Any CPU
		{BCEF9879-1712-432F-A702-CEEAE63AFB32}.Debug|x64.ActiveCfg = Debug|x64
		{BCEF9879-1712-432F-A702-CEEAE63AFB32}.Debug|x64.Build.0 = Debug|x64
		{BCEF9879-1712-432F-A702-CEEAE63AFB32}.Debug|x64.Deploy.0 = Debug|x64
		{BCEF9879-1712-432F-A702-CEEAE63AFB32}.Debug|x86.ActiveCfg = Debug|x86
		{BCEF9879-1712-432F-A702-CEEAE63AFB32}.Debug|x86.Build.0 = Debug|x86
		{BCEF9879-1712-432F-A702-CEEAE63AFB32}.Debug|x86.Deploy.0 = Debug|x86
		{BCEF9879-1712-432F-A702-CEEAE63AFB32}.Release|Any CPU.ActiveCfg = Release|Any CPU
		{BCEF9879-1712-432F-A702-CEEAE63AFB32}.Release|Any CPU.Build.0 = Release|Any CPU
		{BCEF9879-1712-432F-A702-CEEAE63AFB32}.Release|Any CPU.Deploy.0 = Release|Any CPU
		{BCEF9879-1712-432F-A702-CEEAE63AFB32}.Release|ARM.ActiveCfg = Release|ARM
		{BCEF9879-1712-432F-A702-CEEAE63AFB32}.Release|ARM.Build.0 = Release|ARM
		{BCEF9879-1712-432F-A702-CEEAE63AFB32}.Release|ARM.Deploy.0 = Release|ARM
		{BCEF9879-1712-432F-A702-CEEAE63AFB32}.Release|iPhone.ActiveCfg = Release|Any CPU
		{BCEF9879-1712-432F-A702-CEEAE63AFB32}.Release|iPhone.Build.0 = Release|Any CPU
		{BCEF9879-1712-432F-A702-CEEAE63AFB32}.Release|iPhone.Deploy.0 = Release|Any CPU
		{BCEF9879-1712-432F-A702-CEEAE63AFB32}.Release|iPhoneSimulator.ActiveCfg = Release|Any CPU
		{BCEF9879-1712-432F-A702-CEEAE63AFB32}.Release|iPhoneSimulator.Build.0 = Release|Any CPU
		{BCEF9879-1712-432F-A702-CEEAE63AFB32}.Release|iPhoneSimulator.Deploy.0 = Release|Any CPU
		{BCEF9879-1712-432F-A702-CEEAE63AFB32}.Release|x64.ActiveCfg = Release|x64
		{BCEF9879-1712-432F-A702-CEEAE63AFB32}.Release|x64.Build.0 = Release|x64
		{BCEF9879-1712-432F-A702-CEEAE63AFB32}.Release|x64.Deploy.0 = Release|x64
		{BCEF9879-1712-432F-A702-CEEAE63AFB32}.Release|x86.ActiveCfg = Release|x86
		{BCEF9879-1712-432F-A702-CEEAE63AFB32}.Release|x86.Build.0 = Release|x86
		{BCEF9879-1712-432F-A702-CEEAE63AFB32}.Release|x86.Deploy.0 = Release|x86
		{088A41AC-C169-4FF3-AF09-65264ED678CC}.Ad-Hoc|Any CPU.ActiveCfg = Release|Any CPU
		{088A41AC-C169-4FF3-AF09-65264ED678CC}.Ad-Hoc|Any CPU.Build.0 = Release|Any CPU
		{088A41AC-C169-4FF3-AF09-65264ED678CC}.Ad-Hoc|ARM.ActiveCfg = Release|Any CPU
		{088A41AC-C169-4FF3-AF09-65264ED678CC}.Ad-Hoc|ARM.Build.0 = Release|Any CPU
		{088A41AC-C169-4FF3-AF09-65264ED678CC}.Ad-Hoc|iPhone.ActiveCfg = Release|Any CPU
		{088A41AC-C169-4FF3-AF09-65264ED678CC}.Ad-Hoc|iPhone.Build.0 = Release|Any CPU
		{088A41AC-C169-4FF3-AF09-65264ED678CC}.Ad-Hoc|iPhoneSimulator.ActiveCfg = Release|Any CPU
		{088A41AC-C169-4FF3-AF09-65264ED678CC}.Ad-Hoc|iPhoneSimulator.Build.0 = Release|Any CPU
		{088A41AC-C169-4FF3-AF09-65264ED678CC}.Ad-Hoc|x64.ActiveCfg = Release|Any CPU
		{088A41AC-C169-4FF3-AF09-65264ED678CC}.Ad-Hoc|x64.Build.0 = Release|Any CPU
		{088A41AC-C169-4FF3-AF09-65264ED678CC}.Ad-Hoc|x86.ActiveCfg = Release|Any CPU
		{088A41AC-C169-4FF3-AF09-65264ED678CC}.Ad-Hoc|x86.Build.0 = Release|Any CPU
		{088A41AC-C169-4FF3-AF09-65264ED678CC}.AppStore|Any CPU.ActiveCfg = Release|Any CPU
		{088A41AC-C169-4FF3-AF09-65264ED678CC}.AppStore|Any CPU.Build.0 = Release|Any CPU
		{088A41AC-C169-4FF3-AF09-65264ED678CC}.AppStore|ARM.ActiveCfg = Release|Any CPU
		{088A41AC-C169-4FF3-AF09-65264ED678CC}.AppStore|ARM.Build.0 = Release|Any CPU
		{088A41AC-C169-4FF3-AF09-65264ED678CC}.AppStore|iPhone.ActiveCfg = Release|Any CPU
		{088A41AC-C169-4FF3-AF09-65264ED678CC}.AppStore|iPhone.Build.0 = Release|Any CPU
		{088A41AC-C169-4FF3-AF09-65264ED678CC}.AppStore|iPhoneSimulator.ActiveCfg = Release|Any CPU
		{088A41AC-C169-4FF3-AF09-65264ED678CC}.AppStore|iPhoneSimulator.Build.0 = Release|Any CPU
		{088A41AC-C169-4FF3-AF09-65264ED678CC}.AppStore|x64.ActiveCfg = Release|Any CPU
		{088A41AC-C169-4FF3-AF09-65264ED678CC}.AppStore|x64.Build.0 = Release|Any CPU
		{088A41AC-C169-4FF3-AF09-65264ED678CC}.AppStore|x86.ActiveCfg = Release|Any CPU
		{088A41AC-C169-4FF3-AF09-65264ED678CC}.AppStore|x86.Build.0 = Release|Any CPU
		{088A41AC-C169-4FF3-AF09-65264ED678CC}.Debug|Any CPU.ActiveCfg = Debug|Any CPU
		{088A41AC-C169-4FF3-AF09-65264ED678CC}.Debug|Any CPU.Build.0 = Debug|Any CPU
		{088A41AC-C169-4FF3-AF09-65264ED678CC}.Debug|ARM.ActiveCfg = Debug|Any CPU
		{088A41AC-C169-4FF3-AF09-65264ED678CC}.Debug|ARM.Build.0 = Debug|Any CPU
		{088A41AC-C169-4FF3-AF09-65264ED678CC}.Debug|iPhone.ActiveCfg = Debug|Any CPU
		{088A41AC-C169-4FF3-AF09-65264ED678CC}.Debug|iPhone.Build.0 = Debug|Any CPU
		{088A41AC-C169-4FF3-AF09-65264ED678CC}.Debug|iPhoneSimulator.ActiveCfg = Debug|Any CPU
		{088A41AC-C169-4FF3-AF09-65264ED678CC}.Debug|iPhoneSimulator.Build.0 = Debug|Any CPU
		{088A41AC-C169-4FF3-AF09-65264ED678CC}.Debug|x64.ActiveCfg = Debug|Any CPU
		{088A41AC-C169-4FF3-AF09-65264ED678CC}.Debug|x64.Build.0 = Debug|Any CPU
		{088A41AC-C169-4FF3-AF09-65264ED678CC}.Debug|x86.ActiveCfg = Debug|Any CPU
		{088A41AC-C169-4FF3-AF09-65264ED678CC}.Debug|x86.Build.0 = Debug|Any CPU
		{088A41AC-C169-4FF3-AF09-65264ED678CC}.Release|Any CPU.ActiveCfg = Release|Any CPU
		{088A41AC-C169-4FF3-AF09-65264ED678CC}.Release|Any CPU.Build.0 = Release|Any CPU
		{088A41AC-C169-4FF3-AF09-65264ED678CC}.Release|ARM.ActiveCfg = Release|Any CPU
		{088A41AC-C169-4FF3-AF09-65264ED678CC}.Release|ARM.Build.0 = Release|Any CPU
		{088A41AC-C169-4FF3-AF09-65264ED678CC}.Release|iPhone.ActiveCfg = Release|Any CPU
		{088A41AC-C169-4FF3-AF09-65264ED678CC}.Release|iPhone.Build.0 = Release|Any CPU
		{088A41AC-C169-4FF3-AF09-65264ED678CC}.Release|iPhoneSimulator.ActiveCfg = Release|Any CPU
		{088A41AC-C169-4FF3-AF09-65264ED678CC}.Release|iPhoneSimulator.Build.0 = Release|Any CPU
		{088A41AC-C169-4FF3-AF09-65264ED678CC}.Release|x64.ActiveCfg = Release|Any CPU
		{088A41AC-C169-4FF3-AF09-65264ED678CC}.Release|x64.Build.0 = Release|Any CPU
		{088A41AC-C169-4FF3-AF09-65264ED678CC}.Release|x86.ActiveCfg = Release|Any CPU
		{088A41AC-C169-4FF3-AF09-65264ED678CC}.Release|x86.Build.0 = Release|Any CPU
		{3DB80EBA-5DBD-4F05-8360-C7132735E0BA}.Ad-Hoc|Any CPU.ActiveCfg = Release|Any CPU
		{3DB80EBA-5DBD-4F05-8360-C7132735E0BA}.Ad-Hoc|Any CPU.Build.0 = Release|Any CPU
		{3DB80EBA-5DBD-4F05-8360-C7132735E0BA}.Ad-Hoc|ARM.ActiveCfg = Release|Any CPU
		{3DB80EBA-5DBD-4F05-8360-C7132735E0BA}.Ad-Hoc|ARM.Build.0 = Release|Any CPU
		{3DB80EBA-5DBD-4F05-8360-C7132735E0BA}.Ad-Hoc|iPhone.ActiveCfg = Release|Any CPU
		{3DB80EBA-5DBD-4F05-8360-C7132735E0BA}.Ad-Hoc|iPhone.Build.0 = Release|Any CPU
		{3DB80EBA-5DBD-4F05-8360-C7132735E0BA}.Ad-Hoc|iPhoneSimulator.ActiveCfg = Release|Any CPU
		{3DB80EBA-5DBD-4F05-8360-C7132735E0BA}.Ad-Hoc|iPhoneSimulator.Build.0 = Release|Any CPU
		{3DB80EBA-5DBD-4F05-8360-C7132735E0BA}.Ad-Hoc|x64.ActiveCfg = Release|Any CPU
		{3DB80EBA-5DBD-4F05-8360-C7132735E0BA}.Ad-Hoc|x64.Build.0 = Release|Any CPU
		{3DB80EBA-5DBD-4F05-8360-C7132735E0BA}.Ad-Hoc|x86.ActiveCfg = Release|Any CPU
		{3DB80EBA-5DBD-4F05-8360-C7132735E0BA}.Ad-Hoc|x86.Build.0 = Release|Any CPU
		{3DB80EBA-5DBD-4F05-8360-C7132735E0BA}.AppStore|Any CPU.ActiveCfg = Release|Any CPU
		{3DB80EBA-5DBD-4F05-8360-C7132735E0BA}.AppStore|Any CPU.Build.0 = Release|Any CPU
		{3DB80EBA-5DBD-4F05-8360-C7132735E0BA}.AppStore|ARM.ActiveCfg = Release|Any CPU
		{3DB80EBA-5DBD-4F05-8360-C7132735E0BA}.AppStore|ARM.Build.0 = Release|Any CPU
		{3DB80EBA-5DBD-4F05-8360-C7132735E0BA}.AppStore|iPhone.ActiveCfg = Release|Any CPU
		{3DB80EBA-5DBD-4F05-8360-C7132735E0BA}.AppStore|iPhone.Build.0 = Release|Any CPU
		{3DB80EBA-5DBD-4F05-8360-C7132735E0BA}.AppStore|iPhoneSimulator.ActiveCfg = Release|Any CPU
		{3DB80EBA-5DBD-4F05-8360-C7132735E0BA}.AppStore|iPhoneSimulator.Build.0 = Release|Any CPU
		{3DB80EBA-5DBD-4F05-8360-C7132735E0BA}.AppStore|x64.ActiveCfg = Release|Any CPU
		{3DB80EBA-5DBD-4F05-8360-C7132735E0BA}.AppStore|x64.Build.0 = Release|Any CPU
		{3DB80EBA-5DBD-4F05-8360-C7132735E0BA}.AppStore|x86.ActiveCfg = Release|Any CPU
		{3DB80EBA-5DBD-4F05-8360-C7132735E0BA}.AppStore|x86.Build.0 = Release|Any CPU
		{3DB80EBA-5DBD-4F05-8360-C7132735E0BA}.Debug|Any CPU.ActiveCfg = Debug|Any CPU
		{3DB80EBA-5DBD-4F05-8360-C7132735E0BA}.Debug|Any CPU.Build.0 = Debug|Any CPU
		{3DB80EBA-5DBD-4F05-8360-C7132735E0BA}.Debug|ARM.ActiveCfg = Debug|Any CPU
		{3DB80EBA-5DBD-4F05-8360-C7132735E0BA}.Debug|ARM.Build.0 = Debug|Any CPU
		{3DB80EBA-5DBD-4F05-8360-C7132735E0BA}.Debug|iPhone.ActiveCfg = Debug|Any CPU
		{3DB80EBA-5DBD-4F05-8360-C7132735E0BA}.Debug|iPhone.Build.0 = Debug|Any CPU
		{3DB80EBA-5DBD-4F05-8360-C7132735E0BA}.Debug|iPhoneSimulator.ActiveCfg = Debug|Any CPU
		{3DB80EBA-5DBD-4F05-8360-C7132735E0BA}.Debug|iPhoneSimulator.Build.0 = Debug|Any CPU
		{3DB80EBA-5DBD-4F05-8360-C7132735E0BA}.Debug|x64.ActiveCfg = Debug|Any CPU
		{3DB80EBA-5DBD-4F05-8360-C7132735E0BA}.Debug|x64.Build.0 = Debug|Any CPU
		{3DB80EBA-5DBD-4F05-8360-C7132735E0BA}.Debug|x86.ActiveCfg = Debug|Any CPU
		{3DB80EBA-5DBD-4F05-8360-C7132735E0BA}.Debug|x86.Build.0 = Debug|Any CPU
		{3DB80EBA-5DBD-4F05-8360-C7132735E0BA}.Release|Any CPU.ActiveCfg = Release|Any CPU
		{3DB80EBA-5DBD-4F05-8360-C7132735E0BA}.Release|Any CPU.Build.0 = Release|Any CPU
		{3DB80EBA-5DBD-4F05-8360-C7132735E0BA}.Release|ARM.ActiveCfg = Release|Any CPU
		{3DB80EBA-5DBD-4F05-8360-C7132735E0BA}.Release|ARM.Build.0 = Release|Any CPU
		{3DB80EBA-5DBD-4F05-8360-C7132735E0BA}.Release|iPhone.ActiveCfg = Release|Any CPU
		{3DB80EBA-5DBD-4F05-8360-C7132735E0BA}.Release|iPhone.Build.0 = Release|Any CPU
		{3DB80EBA-5DBD-4F05-8360-C7132735E0BA}.Release|iPhoneSimulator.ActiveCfg = Release|Any CPU
		{3DB80EBA-5DBD-4F05-8360-C7132735E0BA}.Release|iPhoneSimulator.Build.0 = Release|Any CPU
		{3DB80EBA-5DBD-4F05-8360-C7132735E0BA}.Release|x64.ActiveCfg = Release|Any CPU
		{3DB80EBA-5DBD-4F05-8360-C7132735E0BA}.Release|x64.Build.0 = Release|Any CPU
		{3DB80EBA-5DBD-4F05-8360-C7132735E0BA}.Release|x86.ActiveCfg = Release|Any CPU
		{3DB80EBA-5DBD-4F05-8360-C7132735E0BA}.Release|x86.Build.0 = Release|Any CPU
	EndGlobalSection
	GlobalSection(SolutionProperties) = preSolution
		HideSolutionNode = FALSE
	EndGlobalSection
EndGlobal
