
Microsoft Visual Studio Solution File, Format Version 12.00
# Visual Studio 14
VisualStudioVersion = 14.0.25123.0
MinimumVisualStudioVersion = 10.0.40219.1
Project("{FAE04EC0-301F-11D3-BF4B-00C04F79EFBC}") = "Demo.Shared.UI.iOS", "Demo.Shared.UI\Demo.Shared.UI.iOS\Demo.Shared.UI.iOS.csproj", "{A0C9EA6D-E5D3-4331-BEDE-E38808128BFB}"
EndProject
Project("{FAE04EC0-301F-11D3-BF4B-00C04F79EFBC}") = "Demo.Shared.UI", "Demo.Shared.UI\Demo.Shared.UI\Demo.Shared.UI.csproj", "{088A41AC-C169-4FF3-AF09-65264ED678CC}"
EndProject
Global
	GlobalSection(SolutionConfigurationPlatforms) = preSolution
		Ad-Hoc|Any CPU = Ad-Hoc|Any CPU
		Ad-Hoc|ARM = Ad-Hoc|ARM
		Ad-Hoc|iPhone = Ad-Hoc|iPhone
		Ad-Hoc|iPhoneSimulator = Ad-Hoc|iPhoneSimulator
		Ad-Hoc|x64 = Ad-Hoc|x64
		Ad-Hoc|x86 = Ad-Hoc|x86
		AppStore|Any CPU = AppStore|Any CPU
		AppStore|ARM = AppStore|ARM
		AppStore|iPhone = AppStore|iPhone
		AppStore|iPhoneSimulator = AppStore|iPhoneSimulator
		AppStore|x64 = AppStore|x64
		AppStore|x86 = AppStore|x86
		Debug|Any CPU = Debug|Any CPU
		Debug|ARM = Debug|ARM
		Debug|iPhone = Debug|iPhone
		Debug|iPhoneSimulator = Debug|iPhoneSimulator
		Debug|x64 = Debug|x64
		Debug|x86 = Debug|x86
		Release|Any CPU = Release|Any CPU
		Release|ARM = Release|ARM
		Release|iPhone = Release|iPhone
		Release|iPhoneSimulator = Release|iPhoneSimulator
		Release|x64 = Release|x64
		Release|x86 = Release|x86
	EndGlobalSection
	GlobalSection(ProjectConfigurationPlatforms) = postSolution
		{A0C9EA6D-E5D3-4331-BEDE-E38808128BFB}.Ad-Hoc|Any CPU.ActiveCfg = Ad-Hoc|iPhone
		{A0C9EA6D-E5D3-4331-BEDE-E38808128BFB}.Ad-Hoc|ARM.ActiveCfg = Ad-Hoc|iPhone
		{A0C9EA6D-E5D3-4331-BEDE-E38808128BFB}.Ad-Hoc|iPhone.ActiveCfg = Ad-Hoc|iPhone
		{A0C9EA6D-E5D3-4331-BEDE-E38808128BFB}.Ad-Hoc|iPhone.Build.0 = Ad-Hoc|iPhone
		{A0C9EA6D-E5D3-4331-BEDE-E38808128BFB}.Ad-Hoc|iPhoneSimulator.ActiveCfg = Ad-Hoc|iPhoneSimulator
		{A0C9EA6D-E5D3-4331-BEDE-E38808128BFB}.Ad-Hoc|iPhoneSimulator.Build.0 = Ad-Hoc|iPhoneSimulator
		{A0C9EA6D-E5D3-4331-BEDE-E38808128BFB}.Ad-Hoc|x64.ActiveCfg = Ad-Hoc|iPhone
		{A0C9EA6D-E5D3-4331-BEDE-E38808128BFB}.Ad-Hoc|x86.ActiveCfg = Ad-Hoc|iPhone
		{A0C9EA6D-E5D3-4331-BEDE-E38808128BFB}.AppStore|Any CPU.ActiveCfg = AppStore|iPhone
		{A0C9EA6D-E5D3-4331-BEDE-E38808128BFB}.AppStore|ARM.ActiveCfg = AppStore|iPhone
		{A0C9EA6D-E5D3-4331-BEDE-E38808128BFB}.AppStore|iPhone.ActiveCfg = AppStore|iPhone
		{A0C9EA6D-E5D3-4331-BEDE-E38808128BFB}.AppStore|iPhone.Build.0 = AppStore|iPhone
		{A0C9EA6D-E5D3-4331-BEDE-E38808128BFB}.AppStore|iPhoneSimulator.ActiveCfg = AppStore|iPhoneSimulator
		{A0C9EA6D-E5D3-4331-BEDE-E38808128BFB}.AppStore|iPhoneSimulator.Build.0 = AppStore|iPhoneSimulator
		{A0C9EA6D-E5D3-4331-BEDE-E38808128BFB}.AppStore|x64.ActiveCfg = AppStore|iPhone
		{A0C9EA6D-E5D3-4331-BEDE-E38808128BFB}.AppStore|x86.ActiveCfg = AppStore|iPhone
		{A0C9EA6D-E5D3-4331-BEDE-E38808128BFB}.Debug|Any CPU.ActiveCfg = Debug|iPhone
		{A0C9EA6D-E5D3-4331-BEDE-E38808128BFB}.Debug|ARM.ActiveCfg = Debug|iPhone
		{A0C9EA6D-E5D3-4331-BEDE-E38808128BFB}.Debug|iPhone.ActiveCfg = Debug|iPhone
		{A0C9EA6D-E5D3-4331-BEDE-E38808128BFB}.Debug|iPhone.Build.0 = Debug|iPhone
		{A0C9EA6D-E5D3-4331-BEDE-E38808128BFB}.Debug|iPhoneSimulator.ActiveCfg = Debug|iPhoneSimulator
		{A0C9EA6D-E5D3-4331-BEDE-E38808128BFB}.Debug|iPhoneSimulator.Build.0 = Debug|iPhoneSimulator
		{A0C9EA6D-E5D3-4331-BEDE-E38808128BFB}.Debug|x64.ActiveCfg = Debug|iPhone
		{A0C9EA6D-E5D3-4331-BEDE-E38808128BFB}.Debug|x86.ActiveCfg = Debug|iPhone
		{A0C9EA6D-E5D3-4331-BEDE-E38808128BFB}.Release|Any CPU.ActiveCfg = Release|iPhone
		{A0C9EA6D-E5D3-4331-BEDE-E38808128BFB}.Release|ARM.ActiveCfg = Release|iPhone
		{A0C9EA6D-E5D3-4331-BEDE-E38808128BFB}.Release|iPhone.ActiveCfg = Release|iPhone
		{A0C9EA6D-E5D3-4331-BEDE-E38808128BFB}.Release|iPhone.Build.0 = Release|iPhone
		{A0C9EA6D-E5D3-4331-BEDE-E38808128BFB}.Release|iPhoneSimulator.ActiveCfg = Release|iPhoneSimulator
		{A0C9EA6D-E5D3-4331-BEDE-E38808128BFB}.Release|iPhoneSimulator.Build.0 = Release|iPhoneSimulator
		{A0C9EA6D-E5D3-4331-BEDE-E38808128BFB}.Release|x64.ActiveCfg = Release|iPhone
		{A0C9EA6D-E5D3-4331-BEDE-E38808128BFB}.Release|x86.ActiveCfg = Release|iPhone
		{088A41AC-C169-4FF3-AF09-65264ED678CC}.Ad-Hoc|Any CPU.ActiveCfg = Release|Any CPU
		{088A41AC-C169-4FF3-AF09-65264ED678CC}.Ad-Hoc|Any CPU.Build.0 = Release|Any CPU
		{088A41AC-C169-4FF3-AF09-65264ED678CC}.Ad-Hoc|ARM.ActiveCfg = Release|Any CPU
		{088A41AC-C169-4FF3-AF09-65264ED678CC}.Ad-Hoc|ARM.Build.0 = Release|Any CPU
		{088A41AC-C169-4FF3-AF09-65264ED678CC}.Ad-Hoc|iPhone.ActiveCfg = Release|Any CPU
		{088A41AC-C169-4FF3-AF09-65264ED678CC}.Ad-Hoc|iPhone.Build.0 = Release|Any CPU
		{088A41AC-C169-4FF3-AF09-65264ED678CC}.Ad-Hoc|iPhoneSimulator.ActiveCfg = Release|Any CPU
		{088A41AC-C169-4FF3-AF09-65264ED678CC}.Ad-Hoc|iPhoneSimulator.Build.0 = Release|Any CPU
		{088A41AC-C169-4FF3-AF09-65264ED678CC}.Ad-Hoc|x64.ActiveCfg = Release|Any CPU
		{088A41AC-C169-4FF3-AF09-65264ED678CC}.Ad-Hoc|x64.Build.0 = Release|Any CPU
		{088A41AC-C169-4FF3-AF09-65264ED678CC}.Ad-Hoc|x86.ActiveCfg = Release|Any CPU
		{088A41AC-C169-4FF3-AF09-65264ED678CC}.Ad-Hoc|x86.Build.0 = Release|Any CPU
		{088A41AC-C169-4FF3-AF09-65264ED678CC}.AppStore|Any CPU.ActiveCfg = Release|Any CPU
		{088A41AC-C169-4FF3-AF09-65264ED678CC}.AppStore|Any CPU.Build.0 = Release|Any CPU
		{088A41AC-C169-4FF3-AF09-65264ED678CC}.AppStore|ARM.ActiveCfg = Release|Any CPU
		{088A41AC-C169-4FF3-AF09-65264ED678CC}.AppStore|ARM.Build.0 = Release|Any CPU
		{088A41AC-C169-4FF3-AF09-65264ED678CC}.AppStore|iPhone.ActiveCfg = Release|Any CPU
		{088A41AC-C169-4FF3-AF09-65264ED678CC}.AppStore|iPhone.Build.0 = Release|Any CPU
		{088A41AC-C169-4FF3-AF09-65264ED678CC}.AppStore|iPhoneSimulator.ActiveCfg = Release|Any CPU
		{088A41AC-C169-4FF3-AF09-65264ED678CC}.AppStore|iPhoneSimulator.Build.0 = Release|Any CPU
		{088A41AC-C169-4FF3-AF09-65264ED678CC}.AppStore|x64.ActiveCfg = Release|Any CPU
		{088A41AC-C169-4FF3-AF09-65264ED678CC}.AppStore|x64.Build.0 = Release|Any CPU
		{088A41AC-C169-4FF3-AF09-65264ED678CC}.AppStore|x86.ActiveCfg = Release|Any CPU
		{088A41AC-C169-4FF3-AF09-65264ED678CC}.AppStore|x86.Build.0 = Release|Any CPU
		{088A41AC-C169-4FF3-AF09-65264ED678CC}.Debug|Any CPU.ActiveCfg = Debug|Any CPU
		{088A41AC-C169-4FF3-AF09-65264ED678CC}.Debug|Any CPU.Build.0 = Debug|Any CPU
		{088A41AC-C169-4FF3-AF09-65264ED678CC}.Debug|ARM.ActiveCfg = Debug|Any CPU
		{088A41AC-C169-4FF3-AF09-65264ED678CC}.Debug|ARM.Build.0 = Debug|Any CPU
		{088A41AC-C169-4FF3-AF09-65264ED678CC}.Debug|iPhone.ActiveCfg = Debug|Any CPU
		{088A41AC-C169-4FF3-AF09-65264ED678CC}.Debug|iPhone.Build.0 = Debug|Any CPU
		{088A41AC-C169-4FF3-AF09-65264ED678CC}.Debug|iPhoneSimulator.ActiveCfg = Debug|Any CPU
		{088A41AC-C169-4FF3-AF09-65264ED678CC}.Debug|iPhoneSimulator.Build.0 = Debug|Any CPU
		{088A41AC-C169-4FF3-AF09-65264ED678CC}.Debug|x64.ActiveCfg = Debug|Any CPU
		{088A41AC-C169-4FF3-AF09-65264ED678CC}.Debug|x64.Build.0 = Debug|Any CPU
		{088A41AC-C169-4FF3-AF09-65264ED678CC}.Debug|x86.ActiveCfg = Debug|Any CPU
		{088A41AC-C169-4FF3-AF09-65264ED678CC}.Debug|x86.Build.0 = Debug|Any CPU
		{088A41AC-C169-4FF3-AF09-65264ED678CC}.Release|Any CPU.ActiveCfg = Release|Any CPU
		{088A41AC-C169-4FF3-AF09-65264ED678CC}.Release|Any CPU.Build.0 = Release|Any CPU
		{088A41AC-C169-4FF3-AF09-65264ED678CC}.Release|ARM.ActiveCfg = Release|Any CPU
		{088A41AC-C169-4FF3-AF09-65264ED678CC}.Release|ARM.Build.0 = Release|Any CPU
		{088A41AC-C169-4FF3-AF09-65264ED678CC}.Release|iPhone.ActiveCfg = Release|Any CPU
		{088A41AC-C169-4FF3-AF09-65264ED678CC}.Release|iPhone.Build.0 = Release|Any CPU
		{088A41AC-C169-4FF3-AF09-65264ED678CC}.Release|iPhoneSimulator.ActiveCfg = Release|Any CPU
		{088A41AC-C169-4FF3-AF09-65264ED678CC}.Release|iPhoneSimulator.Build.0 = Release|Any CPU
		{088A41AC-C169-4FF3-AF09-65264ED678CC}.Release|x64.ActiveCfg = Release|Any CPU
		{088A41AC-C169-4FF3-AF09-65264ED678CC}.Release|x64.Build.0 = Release|Any CPU
		{088A41AC-C169-4FF3-AF09-65264ED678CC}.Release|x86.ActiveCfg = Release|Any CPU
		{088A41AC-C169-4FF3-AF09-65264ED678CC}.Release|x86.Build.0 = Release|Any CPU
	EndGlobalSection
	GlobalSection(SolutionProperties) = preSolution
		HideSolutionNode = FALSE
	EndGlobalSection
EndGlobal
